
Microsoft Visual Studio Solution File, Format Version 12.00
# Visual Studio Version 17
VisualStudioVersion = 17.5.33424.131
MinimumVisualStudioVersion = 10.0.40219.1
Project("{FAE04EC0-301F-11D3-BF4B-00C04F79EFBC}") = "Funciones_asincronas", "Funciones_asincronas.csproj", "{CE07488E-EC1A-4ECA-A685-C6886D5F4213}"
EndProject
Global
	GlobalSection(SolutionConfigurationPlatforms) = preSolution
		Debug|Any CPU = Debug|Any CPU
		Release|Any CPU = Release|Any CPU
	EndGlobalSection
	GlobalSection(ProjectConfigurationPlatforms) = postSolution
		{CE07488E-EC1A-4ECA-A685-C6886D5F4213}.Debug|Any CPU.ActiveCfg = Debug|Any CPU
		{CE07488E-EC1A-4ECA-A685-C6886D5F4213}.Debug|Any CPU.Build.0 = Debug|Any CPU
		{CE07488E-EC1A-4ECA-A685-C6886D5F4213}.Release|Any CPU.ActiveCfg = Release|Any CPU
		{CE07488E-EC1A-4ECA-A685-C6886D5F4213}.Release|Any CPU.Build.0 = Release|Any CPU
	EndGlobalSection
	GlobalSection(SolutionProperties) = preSolution
		HideSolutionNode = FALSE
	EndGlobalSection
	GlobalSection(ExtensibilityGlobals) = postSolution
		SolutionGuid = {0A9BEB4A-CA7D-412D-AC5D-0BD2B0D68920}
	EndGlobalSection
EndGlobal
